name: update-flake-lock
on:
  workflow_call:
    secrets:
      gh_access_token:
        required: true
      ssh_key:
        required: false

jobs:
  update-flake-lock:
    runs-on: ubuntu-latest
    steps:
      - name: Setup SSH agent
        if: ${{ secrets.ssh_key }}
        uses: webfactory/ssh-agent@v0.8.0
        with:
          ssh-private-key: ${{ secrets.ssh_key }}
      - name: Checkout repository
        uses: actions/checkout@v4
      - name: Install Nix
        uses: cachix/install-nix-action@v24
      - name: Update flake.lock
        uses: DeterminateSystems/update-flake-lock@v20
        with:
          token: ${{ secrets.gh_access_token }}
          branch: update_flake_lock_action
          pr-title: "Update flake.lock"
          pr-labels: |
            dependencies
            automated
