name: Update flake.lock
on:
  workflow_call:
    secrets:
      gh_access_token:
        required: true
      ssh_key:
        required: false

jobs:
  update-flake-lock:
    runs-on: ubuntu-latest
    steps:
      # https://stackoverflow.com/a/70249520/5408933
      # https://github.com/orgs/community/discussions/26726
      - name: Check if ssh_key available
        id: secret-check
        shell: bash
        run: |
          if [ "${{ secrets.ssh_key }}" != '' ]; then
            echo "available=true" >> $GITHUB_OUTPUT;
          else
            echo "available=false" >> $GITHUB_OUTPUT;
          fi
      - name: Setup SSH agent
        if: ${{ steps.secret-check.outputs.available == 'true' }}
        uses: webfactory/ssh-agent@v0.9.0
        with:
          ssh-private-key: ${{ secrets.ssh_key }}
      - name: Checkout repository
        uses: actions/checkout@v4
      - name: Install Nix
        uses: nixbuild/nix-quick-install-action@v27
      - name: Update flake.lock
        uses: DeterminateSystems/update-flake-lock@v21
        with:
          token: ${{ secrets.gh_access_token }}
          branch: update_flake_lock_action
          pr-title: "Update flake.lock"
          pr-labels: |
            dependencies
            automated
